# THIS IS AN AUTOGENERATED FILE. DO NOT EDIT THIS FILE DIRECTLY.
# yarn lockfile v1


lazysizes@^4.0.1:
  version "4.0.1"
  resolved "https://registry.yarnpkg.com/lazysizes/-/lazysizes-4.0.1.tgz#428fe9561d7ff5c3b2b2787b78ed54080986420b"

picturefill@^3.0.2:
  version "3.0.2"
  resolved "https://registry.yarnpkg.com/picturefill/-/picturefill-3.0.2.tgz#fa3d35fffbef5ab5300fe2ad9dca8f2e36cba27b"
