# THIS IS AN AUTOGENERATED FILE. DO NOT EDIT THIS FILE DIRECTLY.
# yarn lockfile v1


lazysizes@^4.0.1:
  version "4.0.4"
  resolved "https://registry.yarnpkg.com/lazysizes/-/lazysizes-4.0.4.tgz#a28541570f32a7c385efdb798c06c22b3fd08544"

picturefill@^3.0.2:
  version "3.0.2"
  resolved "https://registry.yarnpkg.com/picturefill/-/picturefill-3.0.2.tgz#fa3d35fffbef5ab5300fe2ad9dca8f2e36cba27b"

suitcss-utils-position@^1.0.1:
  version "1.0.1"
  resolved "https://registry.yarnpkg.com/suitcss-utils-position/-/suitcss-utils-position-1.0.1.tgz#28c602f3be756e9330956ad06aab04de7945c4dd"
